
Microsoft Visual Studio Solution File, Format Version 12.00
# Visual Studio Version 16
VisualStudioVersion = 16.0.31624.102
MinimumVisualStudioVersion = 10.0.40219.1
Project("{FAE04EC0-301F-11D3-BF4B-00C04F79EFBC}") = "FundooNotes", "FundooNotes\FundooNotes.csproj", "{E480D064-AFAE-4019-A865-C9BFE12395DF}"
EndProject
Project("{FAE04EC0-301F-11D3-BF4B-00C04F79EFBC}") = "FundooModels", "FundooModels\FundooModels.csproj", "{1C6E4423-4332-4D61-A3B7-EE48F2E904C3}"
EndProject
Project("{FAE04EC0-301F-11D3-BF4B-00C04F79EFBC}") = "FundooManager", "FundooManager\FundooManager.csproj", "{C0A607D9-E81C-4D61-9A81-CC6585B08E6F}"
EndProject
Project("{FAE04EC0-301F-11D3-BF4B-00C04F79EFBC}") = "FundooRepository", "FundooRepository\FundooRepository.csproj", "{17905BEF-3B5E-4E04-96BA-30EF2610C9B8}"
EndProject
Global
	GlobalSection(SolutionConfigurationPlatforms) = preSolution
		Debug|Any CPU = Debug|Any CPU
		Release|Any CPU = Release|Any CPU
	EndGlobalSection
	GlobalSection(ProjectConfigurationPlatforms) = postSolution
		{E480D064-AFAE-4019-A865-C9BFE12395DF}.Debug|Any CPU.ActiveCfg = Debug|Any CPU
		{E480D064-AFAE-4019-A865-C9BFE12395DF}.Debug|Any CPU.Build.0 = Debug|Any CPU
		{E480D064-AFAE-4019-A865-C9BFE12395DF}.Release|Any CPU.ActiveCfg = Release|Any CPU
		{E480D064-AFAE-4019-A865-C9BFE12395DF}.Release|Any CPU.Build.0 = Release|Any CPU
		{1C6E4423-4332-4D61-A3B7-EE48F2E904C3}.Debug|Any CPU.ActiveCfg = Debug|Any CPU
		{1C6E4423-4332-4D61-A3B7-EE48F2E904C3}.Debug|Any CPU.Build.0 = Debug|Any CPU
		{1C6E4423-4332-4D61-A3B7-EE48F2E904C3}.Release|Any CPU.ActiveCfg = Release|Any CPU
		{1C6E4423-4332-4D61-A3B7-EE48F2E904C3}.Release|Any CPU.Build.0 = Release|Any CPU
		{C0A607D9-E81C-4D61-9A81-CC6585B08E6F}.Debug|Any CPU.ActiveCfg = Debug|Any CPU
		{C0A607D9-E81C-4D61-9A81-CC6585B08E6F}.Debug|Any CPU.Build.0 = Debug|Any CPU
		{C0A607D9-E81C-4D61-9A81-CC6585B08E6F}.Release|Any CPU.ActiveCfg = Release|Any CPU
		{C0A607D9-E81C-4D61-9A81-CC6585B08E6F}.Release|Any CPU.Build.0 = Release|Any CPU
		{17905BEF-3B5E-4E04-96BA-30EF2610C9B8}.Debug|Any CPU.ActiveCfg = Debug|Any CPU
		{17905BEF-3B5E-4E04-96BA-30EF2610C9B8}.Debug|Any CPU.Build.0 = Debug|Any CPU
		{17905BEF-3B5E-4E04-96BA-30EF2610C9B8}.Release|Any CPU.ActiveCfg = Release|Any CPU
		{17905BEF-3B5E-4E04-96BA-30EF2610C9B8}.Release|Any CPU.Build.0 = Release|Any CPU
	EndGlobalSection
	GlobalSection(SolutionProperties) = preSolution
		HideSolutionNode = FALSE
	EndGlobalSection
	GlobalSection(ExtensibilityGlobals) = postSolution
		SolutionGuid = {941B22FA-224C-4F96-BBB1-3D1C5BE8E445}
	EndGlobalSection
EndGlobal
